<?xml version="1.0" encoding="utf-8"?>
<Project ToolsVersion="4.0" xmlns="http://schemas.microsoft.com/developer/msbuild/2003">
  <ItemGroup>
    <Filter Include="Archivos de origen">
      <UniqueIdentifier>{4FC737F1-C7A5-4376-A066-2A32D752A2FF}</UniqueIdentifier>
      <Extensions>cpp;c;cc;cxx;c++;cppm;ixx;def;odl;idl;hpj;bat;asm;asmx</Extensions>
    </Filter>
    <Filter Include="Archivos de encabezado">
      <UniqueIdentifier>{93995380-89BD-4b04-88EB-625FBE52EBFB}</UniqueIdentifier>
      <Extensions>h;hh;hpp;hxx;h++;hm;inl;inc;ipp;xsd</Extensions>
    </Filter>
    <Filter Include="Archivos de recursos">
      <UniqueIdentifier>{67DA6AB6-F800-4c08-8B7A-83BB121AAD01}</UniqueIdentifier>
      <Extensions>rc;ico;cur;bmp;dlg;rc2;rct;bin;rgs;gif;jpg;jpeg;jpe;resx;tiff;tif;png;wav;mfcribbon-ms</Extensions>
    </Filter>
    <Filter Include="Archivos de origen\Hooks">
      <UniqueIdentifier>{9e6fb486-a3ab-47ec-8037-c18b5595a878}</UniqueIdentifier>
    </Filter>
    <Filter Include="Archivos de origen\Hacks">
      <UniqueIdentifier>{a39f898b-3ab0-4b9b-9c17-96f3b49ef4b6}</UniqueIdentifier>
    </Filter>
    <Filter Include="Archivos de origen\Hacks\Weapon">
      <UniqueIdentifier>{d80dbf32-37ed-47fb-90eb-fb2ef94e522e}</UniqueIdentifier>
    </Filter>
    <Filter Include="Archivos de origen\Hacks\Player">
      <UniqueIdentifier>{032d29df-144d-415e-a89b-b4114528aa75}</UniqueIdentifier>
    </Filter>
    <Filter Include="Archivos de origen\Util">
      <UniqueIdentifier>{ae58afff-7028-4f0e-8e51-2a880c89ec86}</UniqueIdentifier>
    </Filter>
  </ItemGroup>
  <ItemGroup>
    <ClInclude Include="pch.h">
      <Filter>Archivos de encabezado</Filter>
    </ClInclude>
    <ClInclude Include="Cheat.hpp">
      <Filter>Archivos de encabezado</Filter>
    </ClInclude>
  </ItemGroup>
  <ItemGroup>
    <ClCompile Include="dllmain.cpp">
      <Filter>Archivos de origen</Filter>
    </ClCompile>
    <ClCompile Include="pch.cpp">
      <Filter>Archivos de origen</Filter>
    </ClCompile>
    <ClCompile Include="HackBase.cpp">
      <Filter>Archivos de origen</Filter>
    </ClCompile>
    <ClCompile Include="Logger.cpp">
      <Filter>Archivos de origen</Filter>
    </ClCompile>
    <ClCompile Include="OPENGL32_hooks.cpp">
      <Filter>Archivos de origen\Hooks</Filter>
    </ClCompile>
    <ClCompile Include="GameFunctions.cpp">
      <Filter>Archivos de origen</Filter>
    </ClCompile>
    <ClCompile Include="Hooks.cpp">
      <Filter>Archivos de origen</Filter>
    </ClCompile>
    <ClCompile Include="AmmoMods.cpp">
      <Filter>Archivos de origen\Hacks\Weapon</Filter>
    </ClCompile>
    <ClCompile Include="Hacks.cpp">
      <Filter>Archivos de origen</Filter>
    </ClCompile>
    <ClCompile Include="Offsets.cpp">
      <Filter>Archivos de origen</Filter>
    </ClCompile>
    <ClCompile Include="PlayerMods.cpp">
      <Filter>Archivos de origen\Hacks\Player</Filter>
    </ClCompile>
    <ClCompile Include="Util.cpp">
      <Filter>Archivos de origen\Util</Filter>
    </ClCompile>
    <ClCompile Include="Interface.cpp">
      <Filter>Archivos de origen</Filter>
    </ClCompile>
  </ItemGroup>
</Project>